
Microsoft Visual Studio Solution File, Format Version 12.00
# Visual Studio Version 17
VisualStudioVersion = 17.14.36603.0 d17.14
MinimumVisualStudioVersion = 10.0.40219.1
Project("{FAE04EC0-301F-11D3-BF4B-00C04F79EFBC}") = "BaiTap_23WebC_Nhom10", "BaiTap_23WebC_Nhom10.csproj", "{6665EDB8-C50E-49FC-A7FF-499011F063F8}"
EndProject
Global
	GlobalSection(SolutionConfigurationPlatforms) = preSolution
		Debug|Any CPU = Debug|Any CPU
		Release|Any CPU = Release|Any CPU
	EndGlobalSection
	GlobalSection(ProjectConfigurationPlatforms) = postSolution
		{6665EDB8-C50E-49FC-A7FF-499011F063F8}.Debug|Any CPU.ActiveCfg = Debug|Any CPU
		{6665EDB8-C50E-49FC-A7FF-499011F063F8}.Debug|Any CPU.Build.0 = Debug|Any CPU
		{6665EDB8-C50E-49FC-A7FF-499011F063F8}.Release|Any CPU.ActiveCfg = Release|Any CPU
		{6665EDB8-C50E-49FC-A7FF-499011F063F8}.Release|Any CPU.Build.0 = Release|Any CPU
	EndGlobalSection
	GlobalSection(SolutionProperties) = preSolution
		HideSolutionNode = FALSE
	EndGlobalSection
	GlobalSection(ExtensibilityGlobals) = postSolution
		SolutionGuid = {70DBF04F-A8F0-445A-8553-3021234D1A42}
	EndGlobalSection
EndGlobal
